
Microsoft Visual Studio Solution File, Format Version 12.00
# Visual Studio Version 16
VisualStudioVersion = 16.0.31019.35
MinimumVisualStudioVersion = 10.0.40219.1
Project("{FAE04EC0-301F-11D3-BF4B-00C04F79EFBC}") = "CreditSuisse", "CreditSuisse\CreditSuisse.csproj", "{2AB4A064-7561-4AD7-A8DA-BF1818F7E7C1}"
EndProject
Project("{FAE04EC0-301F-11D3-BF4B-00C04F79EFBC}") = "NUnitTestProject", "NUnitTestProject\NUnitTestProject.csproj", "{AA865A12-B4C4-4F8A-8C7F-D7DC40E1A0E8}"
EndProject
Global
	GlobalSection(SolutionConfigurationPlatforms) = preSolution
		Debug|Any CPU = Debug|Any CPU
		Release|Any CPU = Release|Any CPU
	EndGlobalSection
	GlobalSection(ProjectConfigurationPlatforms) = postSolution
		{2AB4A064-7561-4AD7-A8DA-BF1818F7E7C1}.Debug|Any CPU.ActiveCfg = Debug|Any CPU
		{2AB4A064-7561-4AD7-A8DA-BF1818F7E7C1}.Debug|Any CPU.Build.0 = Debug|Any CPU
		{2AB4A064-7561-4AD7-A8DA-BF1818F7E7C1}.Release|Any CPU.ActiveCfg = Release|Any CPU
		{2AB4A064-7561-4AD7-A8DA-BF1818F7E7C1}.Release|Any CPU.Build.0 = Release|Any CPU
		{AA865A12-B4C4-4F8A-8C7F-D7DC40E1A0E8}.Debug|Any CPU.ActiveCfg = Debug|Any CPU
		{AA865A12-B4C4-4F8A-8C7F-D7DC40E1A0E8}.Debug|Any CPU.Build.0 = Debug|Any CPU
		{AA865A12-B4C4-4F8A-8C7F-D7DC40E1A0E8}.Release|Any CPU.ActiveCfg = Release|Any CPU
		{AA865A12-B4C4-4F8A-8C7F-D7DC40E1A0E8}.Release|Any CPU.Build.0 = Release|Any CPU
	EndGlobalSection
	GlobalSection(SolutionProperties) = preSolution
		HideSolutionNode = FALSE
	EndGlobalSection
	GlobalSection(ExtensibilityGlobals) = postSolution
		SolutionGuid = {9A29EC04-89E0-4B82-86AA-EED3747D84E5}
	EndGlobalSection
EndGlobal
